// !$*UTF8*$!
{
	archiveVersion = 1;
	classes = {
	};
	objectVersion = 46;
	objects = {

/* Begin PBXBuildFile section */
		973CB12D1B0E72EB00AA63D1 /* AppDelegate.swift in Sources */ = {isa = PBXBuildFile; fileRef = 973CB12C1B0E72EB00AA63D1 /* AppDelegate.swift */; };
		973CB1341B0E72EB00AA63D1 /* Images.xcassets in Resources */ = {isa = PBXBuildFile; fileRef = 973CB1331B0E72EB00AA63D1 /* Images.xcassets */; };
		973CB1371B0E72EB00AA63D1 /* LaunchScreen.xib in Resources */ = {isa = PBXBuildFile; fileRef = 973CB1351B0E72EB00AA63D1 /* LaunchScreen.xib */; };
		973CB1431B0E72EB00AA63D1 /* On_The_MapTests.swift in Sources */ = {isa = PBXBuildFile; fileRef = 973CB1421B0E72EB00AA63D1 /* On_The_MapTests.swift */; };
		9743515D1B1CA2B300FEC582 /* TabBarVC.swift in Sources */ = {isa = PBXBuildFile; fileRef = 9743515C1B1CA2B300FEC582 /* TabBarVC.swift */; };
		97449A391B1CFCA900AB0CD9 /* WhereAreYouVC.swift in Sources */ = {isa = PBXBuildFile; fileRef = 97449A381B1CFCA900AB0CD9 /* WhereAreYouVC.swift */; };
		97449A3B1B1DF5C800AB0CD9 /* User.swift in Sources */ = {isa = PBXBuildFile; fileRef = 97449A3A1B1DF5C800AB0CD9 /* User.swift */; };
		9747D7271B1CEB5300EB2F40 /* Main.storyboard in Resources */ = {isa = PBXBuildFile; fileRef = 9747D7251B1CEB5300EB2F40 /* Main.storyboard */; };
		977413FA1B174E1D00A03248 /* ParseClient.swift in Sources */ = {isa = PBXBuildFile; fileRef = 977413F91B174E1D00A03248 /* ParseClient.swift */; };
		977413FC1B174F9E00A03248 /* StudentLocation.swift in Sources */ = {isa = PBXBuildFile; fileRef = 977413FB1B174F9E00A03248 /* StudentLocation.swift */; };
		977413FE1B17510B00A03248 /* ParseConstants.swift in Sources */ = {isa = PBXBuildFile; fileRef = 977413FD1B17510B00A03248 /* ParseConstants.swift */; };
		977414001B17814E00A03248 /* TableVC.swift in Sources */ = {isa = PBXBuildFile; fileRef = 977413FF1B17814E00A03248 /* TableVC.swift */; };
		977414021B17B00900A03248 /* PostVC.swift in Sources */ = {isa = PBXBuildFile; fileRef = 977414011B17B00900A03248 /* PostVC.swift */; };
		97F87DE31B14C07700E7C608 /* Roboto-Medium.ttf in Resources */ = {isa = PBXBuildFile; fileRef = 97F87DE01B14C07700E7C608 /* Roboto-Medium.ttf */; };
		97F87DE41B14C07700E7C608 /* Roboto-Regular.ttf in Resources */ = {isa = PBXBuildFile; fileRef = 97F87DE11B14C07700E7C608 /* Roboto-Regular.ttf */; };
		97F87DE51B14C07700E7C608 /* Roboto-Thin.ttf in Resources */ = {isa = PBXBuildFile; fileRef = 97F87DE21B14C07700E7C608 /* Roboto-Thin.ttf */; };
		97F87DE71B14CFAA00E7C608 /* LoginVC.swift in Sources */ = {isa = PBXBuildFile; fileRef = 97F87DE61B14CFAA00E7C608 /* LoginVC.swift */; };
		97F87DE91B14D9FF00E7C608 /* MapVC.swift in Sources */ = {isa = PBXBuildFile; fileRef = 97F87DE81B14D9FF00E7C608 /* MapVC.swift */; };
		97F87DED1B14F91A00E7C608 /* UdacityConstants.swift in Sources */ = {isa = PBXBuildFile; fileRef = 97F87DEC1B14F91A00E7C608 /* UdacityConstants.swift */; };
		97F87DEF1B14F93600E7C608 /* UdacityClient.swift in Sources */ = {isa = PBXBuildFile; fileRef = 97F87DEE1B14F93600E7C608 /* UdacityClient.swift */; };
		97F87DF11B15019D00E7C608 /* Utilities.swift in Sources */ = {isa = PBXBuildFile; fileRef = 97F87DF01B15019D00E7C608 /* Utilities.swift */; };
/* End PBXBuildFile section */

/* Begin PBXContainerItemProxy section */
		973CB13D1B0E72EB00AA63D1 /* PBXContainerItemProxy */ = {
			isa = PBXContainerItemProxy;
			containerPortal = 973CB11F1B0E72EB00AA63D1 /* Project object */;
			proxyType = 1;
			remoteGlobalIDString = 973CB1261B0E72EB00AA63D1;
			remoteInfo = "On The Map";
		};
/* End PBXContainerItemProxy section */

/* Begin PBXFileReference section */
		973CB1271B0E72EB00AA63D1 /* On The Map.app */ = {isa = PBXFileReference; explicitFileType = wrapper.application; includeInIndex = 0; path = "On The Map.app"; sourceTree = BUILT_PRODUCTS_DIR; };
		973CB12B1B0E72EB00AA63D1 /* Info.plist */ = {isa = PBXFileReference; lastKnownFileType = text.plist.xml; path = Info.plist; sourceTree = "<group>"; };
		973CB12C1B0E72EB00AA63D1 /* AppDelegate.swift */ = {isa = PBXFileReference; lastKnownFileType = sourcecode.swift; path = AppDelegate.swift; sourceTree = "<group>"; };
		973CB1331B0E72EB00AA63D1 /* Images.xcassets */ = {isa = PBXFileReference; lastKnownFileType = folder.assetcatalog; path = Images.xcassets; sourceTree = "<group>"; };
		973CB1361B0E72EB00AA63D1 /* Base */ = {isa = PBXFileReference; lastKnownFileType = file.xib; name = Base; path = Base.lproj/LaunchScreen.xib; sourceTree = "<group>"; };
		973CB13C1B0E72EB00AA63D1 /* On The MapTests.xctest */ = {isa = PBXFileReference; explicitFileType = wrapper.cfbundle; includeInIndex = 0; path = "On The MapTests.xctest"; sourceTree = BUILT_PRODUCTS_DIR; };
		973CB1411B0E72EB00AA63D1 /* Info.plist */ = {isa = PBXFileReference; lastKnownFileType = text.plist.xml; path = Info.plist; sourceTree = "<group>"; };
		973CB1421B0E72EB00AA63D1 /* On_The_MapTests.swift */ = {isa = PBXFileReference; lastKnownFileType = sourcecode.swift; path = On_The_MapTests.swift; sourceTree = "<group>"; };
		9743515C1B1CA2B300FEC582 /* TabBarVC.swift */ = {isa = PBXFileReference; fileEncoding = 4; lastKnownFileType = sourcecode.swift; path = TabBarVC.swift; sourceTree = "<group>"; };
		97449A381B1CFCA900AB0CD9 /* WhereAreYouVC.swift */ = {isa = PBXFileReference; fileEncoding = 4; lastKnownFileType = sourcecode.swift; path = WhereAreYouVC.swift; sourceTree = "<group>"; };
		97449A3A1B1DF5C800AB0CD9 /* User.swift */ = {isa = PBXFileReference; fileEncoding = 4; lastKnownFileType = sourcecode.swift; path = User.swift; sourceTree = "<group>"; };
		9747D7261B1CEB5300EB2F40 /* Base */ = {isa = PBXFileReference; lastKnownFileType = file.storyboard; name = Base; path = Base.lproj/Main.storyboard; sourceTree = "<group>"; };
		977413F91B174E1D00A03248 /* ParseClient.swift */ = {isa = PBXFileReference; fileEncoding = 4; lastKnownFileType = sourcecode.swift; path = ParseClient.swift; sourceTree = "<group>"; };
		977413FB1B174F9E00A03248 /* StudentLocation.swift */ = {isa = PBXFileReference; fileEncoding = 4; lastKnownFileType = sourcecode.swift; path = StudentLocation.swift; sourceTree = "<group>"; };
		977413FD1B17510B00A03248 /* ParseConstants.swift */ = {isa = PBXFileReference; fileEncoding = 4; lastKnownFileType = sourcecode.swift; path = ParseConstants.swift; sourceTree = "<group>"; };
		977413FF1B17814E00A03248 /* TableVC.swift */ = {isa = PBXFileReference; fileEncoding = 4; lastKnownFileType = sourcecode.swift; path = TableVC.swift; sourceTree = "<group>"; };
		977414011B17B00900A03248 /* PostVC.swift */ = {isa = PBXFileReference; fileEncoding = 4; lastKnownFileType = sourcecode.swift; path = PostVC.swift; sourceTree = "<group>"; };
		97F87DE01B14C07700E7C608 /* Roboto-Medium.ttf */ = {isa = PBXFileReference; lastKnownFileType = file; path = "Roboto-Medium.ttf"; sourceTree = "<group>"; };
		97F87DE11B14C07700E7C608 /* Roboto-Regular.ttf */ = {isa = PBXFileReference; lastKnownFileType = file; path = "Roboto-Regular.ttf"; sourceTree = "<group>"; };
		97F87DE21B14C07700E7C608 /* Roboto-Thin.ttf */ = {isa = PBXFileReference; lastKnownFileType = file; path = "Roboto-Thin.ttf"; sourceTree = "<group>"; };
		97F87DE61B14CFAA00E7C608 /* LoginVC.swift */ = {isa = PBXFileReference; fileEncoding = 4; lastKnownFileType = sourcecode.swift; path = LoginVC.swift; sourceTree = "<group>"; };
		97F87DE81B14D9FF00E7C608 /* MapVC.swift */ = {isa = PBXFileReference; fileEncoding = 4; lastKnownFileType = sourcecode.swift; path = MapVC.swift; sourceTree = "<group>"; };
		97F87DEC1B14F91A00E7C608 /* UdacityConstants.swift */ = {isa = PBXFileReference; fileEncoding = 4; lastKnownFileType = sourcecode.swift; path = UdacityConstants.swift; sourceTree = "<group>"; };
		97F87DEE1B14F93600E7C608 /* UdacityClient.swift */ = {isa = PBXFileReference; fileEncoding = 4; lastKnownFileType = sourcecode.swift; path = UdacityClient.swift; sourceTree = "<group>"; };
		97F87DF01B15019D00E7C608 /* Utilities.swift */ = {isa = PBXFileReference; fileEncoding = 4; lastKnownFileType = sourcecode.swift; path = Utilities.swift; sourceTree = "<group>"; };
/* End PBXFileReference section */

/* Begin PBXFrameworksBuildPhase section */
		973CB1241B0E72EB00AA63D1 /* Frameworks */ = {
			isa = PBXFrameworksBuildPhase;
			buildActionMask = 2147483647;
			files = (
			);
			runOnlyForDeploymentPostprocessing = 0;
		};
		973CB1391B0E72EB00AA63D1 /* Frameworks */ = {
			isa = PBXFrameworksBuildPhase;
			buildActionMask = 2147483647;
			files = (
			);
			runOnlyForDeploymentPostprocessing = 0;
		};
/* End PBXFrameworksBuildPhase section */

/* Begin PBXGroup section */
		973CB11E1B0E72EB00AA63D1 = {
			isa = PBXGroup;
			children = (
				973CB1291B0E72EB00AA63D1 /* On The Map */,
				973CB13F1B0E72EB00AA63D1 /* On The MapTests */,
				973CB1281B0E72EB00AA63D1 /* Products */,
			);
			sourceTree = "<group>";
		};
		973CB1281B0E72EB00AA63D1 /* Products */ = {
			isa = PBXGroup;
			children = (
				973CB1271B0E72EB00AA63D1 /* On The Map.app */,
				973CB13C1B0E72EB00AA63D1 /* On The MapTests.xctest */,
			);
			name = Products;
			sourceTree = "<group>";
		};
		973CB1291B0E72EB00AA63D1 /* On The Map */ = {
			isa = PBXGroup;
			children = (
				973CB12C1B0E72EB00AA63D1 /* AppDelegate.swift */,
				973CB14E1B0E76D400AA63D1 /* Model */,
				973CB14D1B0E76D000AA63D1 /* Views */,
				973CB14F1B0E76D900AA63D1 /* Controller */,
				973CB14C1B0E72FC00AA63D1 /* Storyboards */,
				973CB12A1B0E72EB00AA63D1 /* Supporting Files */,
			);
			path = "On The Map";
			sourceTree = "<group>";
		};
		973CB12A1B0E72EB00AA63D1 /* Supporting Files */ = {
			isa = PBXGroup;
			children = (
				97F87DDF1B14C06400E7C608 /* Fonts */,
				973CB1331B0E72EB00AA63D1 /* Images.xcassets */,
				973CB12B1B0E72EB00AA63D1 /* Info.plist */,
			);
			name = "Supporting Files";
			sourceTree = "<group>";
		};
		973CB13F1B0E72EB00AA63D1 /* On The MapTests */ = {
			isa = PBXGroup;
			children = (
				973CB1421B0E72EB00AA63D1 /* On_The_MapTests.swift */,
				973CB1401B0E72EB00AA63D1 /* Supporting Files */,
			);
			path = "On The MapTests";
			sourceTree = "<group>";
		};
		973CB1401B0E72EB00AA63D1 /* Supporting Files */ = {
			isa = PBXGroup;
			children = (
				973CB1411B0E72EB00AA63D1 /* Info.plist */,
			);
			name = "Supporting Files";
			sourceTree = "<group>";
		};
		973CB14C1B0E72FC00AA63D1 /* Storyboards */ = {
			isa = PBXGroup;
			children = (
				9747D7251B1CEB5300EB2F40 /* Main.storyboard */,
				973CB1351B0E72EB00AA63D1 /* LaunchScreen.xib */,
			);
			name = Storyboards;
			sourceTree = "<group>";
		};
		973CB14D1B0E76D000AA63D1 /* Views */ = {
			isa = PBXGroup;
			children = (
			);
			name = Views;
			sourceTree = "<group>";
		};
		973CB14E1B0E76D400AA63D1 /* Model */ = {
			isa = PBXGroup;
			children = (
				97F87DEB1B14F8F400E7C608 /* Parse */,
				97F87DEA1B14F8EA00E7C608 /* Udacity */,
				97F87DF01B15019D00E7C608 /* Utilities.swift */,
				97449A3A1B1DF5C800AB0CD9 /* User.swift */,
			);
			name = Model;
			sourceTree = "<group>";
		};
		973CB14F1B0E76D900AA63D1 /* Controller */ = {
			isa = PBXGroup;
			children = (
				97F87DE61B14CFAA00E7C608 /* LoginVC.swift */,
				97F87DE81B14D9FF00E7C608 /* MapVC.swift */,
				977413FF1B17814E00A03248 /* TableVC.swift */,
				9743515C1B1CA2B300FEC582 /* TabBarVC.swift */,
				97449A381B1CFCA900AB0CD9 /* WhereAreYouVC.swift */,
				977414011B17B00900A03248 /* PostVC.swift */,
			);
			name = Controller;
			sourceTree = "<group>";
		};
		97F87DDF1B14C06400E7C608 /* Fonts */ = {
			isa = PBXGroup;
			children = (
				97F87DE01B14C07700E7C608 /* Roboto-Medium.ttf */,
				97F87DE11B14C07700E7C608 /* Roboto-Regular.ttf */,
				97F87DE21B14C07700E7C608 /* Roboto-Thin.ttf */,
			);
			name = Fonts;
			sourceTree = "<group>";
		};
		97F87DEA1B14F8EA00E7C608 /* Udacity */ = {
			isa = PBXGroup;
			children = (
				97F87DEC1B14F91A00E7C608 /* UdacityConstants.swift */,
				97F87DEE1B14F93600E7C608 /* UdacityClient.swift */,
			);
			name = Udacity;
			sourceTree = "<group>";
		};
		97F87DEB1B14F8F400E7C608 /* Parse */ = {
			isa = PBXGroup;
			children = (
				977413FD1B17510B00A03248 /* ParseConstants.swift */,
				977413F91B174E1D00A03248 /* ParseClient.swift */,
				977413FB1B174F9E00A03248 /* StudentLocation.swift */,
			);
			name = Parse;
			sourceTree = "<group>";
		};
/* End PBXGroup section */

/* Begin PBXNativeTarget section */
		973CB1261B0E72EB00AA63D1 /* On The Map */ = {
			isa = PBXNativeTarget;
			buildConfigurationList = 973CB1461B0E72EB00AA63D1 /* Build configuration list for PBXNativeTarget "On The Map" */;
			buildPhases = (
				973CB1231B0E72EB00AA63D1 /* Sources */,
				973CB1241B0E72EB00AA63D1 /* Frameworks */,
				973CB1251B0E72EB00AA63D1 /* Resources */,
			);
			buildRules = (
			);
			dependencies = (
			);
			name = "On The Map";
			productName = "On The Map";
			productReference = 973CB1271B0E72EB00AA63D1 /* On The Map.app */;
			productType = "com.apple.product-type.application";
		};
		973CB13B1B0E72EB00AA63D1 /* On The MapTests */ = {
			isa = PBXNativeTarget;
			buildConfigurationList = 973CB1491B0E72EB00AA63D1 /* Build configuration list for PBXNativeTarget "On The MapTests" */;
			buildPhases = (
				973CB1381B0E72EB00AA63D1 /* Sources */,
				973CB1391B0E72EB00AA63D1 /* Frameworks */,
				973CB13A1B0E72EB00AA63D1 /* Resources */,
			);
			buildRules = (
			);
			dependencies = (
				973CB13E1B0E72EB00AA63D1 /* PBXTargetDependency */,
			);
			name = "On The MapTests";
			productName = "On The MapTests";
			productReference = 973CB13C1B0E72EB00AA63D1 /* On The MapTests.xctest */;
			productType = "com.apple.product-type.bundle.unit-test";
		};
/* End PBXNativeTarget section */

/* Begin PBXProject section */
		973CB11F1B0E72EB00AA63D1 /* Project object */ = {
			isa = PBXProject;
			attributes = {
				LastUpgradeCheck = 0630;
				ORGANIZATIONNAME = "Luis Matute";
				TargetAttributes = {
					973CB1261B0E72EB00AA63D1 = {
						CreatedOnToolsVersion = 6.3.1;
					};
					973CB13B1B0E72EB00AA63D1 = {
						CreatedOnToolsVersion = 6.3.1;
						TestTargetID = 973CB1261B0E72EB00AA63D1;
					};
				};
			};
			buildConfigurationList = 973CB1221B0E72EB00AA63D1 /* Build configuration list for PBXProject "On The Map" */;
			compatibilityVersion = "Xcode 3.2";
			developmentRegion = English;
			hasScannedForEncodings = 0;
			knownRegions = (
				en,
				Base,
			);
			mainGroup = 973CB11E1B0E72EB00AA63D1;
			productRefGroup = 973CB1281B0E72EB00AA63D1 /* Products */;
			projectDirPath = "";
			projectRoot = "";
			targets = (
				973CB1261B0E72EB00AA63D1 /* On The Map */,
				973CB13B1B0E72EB00AA63D1 /* On The MapTests */,
			);
		};
/* End PBXProject section */

/* Begin PBXResourcesBuildPhase section */
		973CB1251B0E72EB00AA63D1 /* Resources */ = {
			isa = PBXResourcesBuildPhase;
			buildActionMask = 2147483647;
			files = (
				97F87DE31B14C07700E7C608 /* Roboto-Medium.ttf in Resources */,
				9747D7271B1CEB5300EB2F40 /* Main.storyboard in Resources */,
				97F87DE51B14C07700E7C608 /* Roboto-Thin.ttf in Resources */,
				97F87DE41B14C07700E7C608 /* Roboto-Regular.ttf in Resources */,
				973CB1371B0E72EB00AA63D1 /* LaunchScreen.xib in Resources */,
				973CB1341B0E72EB00AA63D1 /* Images.xcassets in Resources */,
			);
			runOnlyForDeploymentPostprocessing = 0;
		};
		973CB13A1B0E72EB00AA63D1 /* Resources */ = {
			isa = PBXResourcesBuildPhase;
			buildActionMask = 2147483647;
			files = (
			);
			runOnlyForDeploymentPostprocessing = 0;
		};
/* End PBXResourcesBuildPhase section */

/* Begin PBXSourcesBuildPhase section */
		973CB1231B0E72EB00AA63D1 /* Sources */ = {
			isa = PBXSourcesBuildPhase;
			buildActionMask = 2147483647;
			files = (
				977413FC1B174F9E00A03248 /* StudentLocation.swift in Sources */,
				97F87DF11B15019D00E7C608 /* Utilities.swift in Sources */,
				97F87DEF1B14F93600E7C608 /* UdacityClient.swift in Sources */,
				977414001B17814E00A03248 /* TableVC.swift in Sources */,
				977413FA1B174E1D00A03248 /* ParseClient.swift in Sources */,
				97F87DE71B14CFAA00E7C608 /* LoginVC.swift in Sources */,
				97449A3B1B1DF5C800AB0CD9 /* User.swift in Sources */,
				977413FE1B17510B00A03248 /* ParseConstants.swift in Sources */,
				97F87DED1B14F91A00E7C608 /* UdacityConstants.swift in Sources */,
				97F87DE91B14D9FF00E7C608 /* MapVC.swift in Sources */,
				97449A391B1CFCA900AB0CD9 /* WhereAreYouVC.swift in Sources */,
				977414021B17B00900A03248 /* PostVC.swift in Sources */,
				9743515D1B1CA2B300FEC582 /* TabBarVC.swift in Sources */,
				973CB12D1B0E72EB00AA63D1 /* AppDelegate.swift in Sources */,
			);
			runOnlyForDeploymentPostprocessing = 0;
		};
		973CB1381B0E72EB00AA63D1 /* Sources */ = {
			isa = PBXSourcesBuildPhase;
			buildActionMask = 2147483647;
			files = (
				973CB1431B0E72EB00AA63D1 /* On_The_MapTests.swift in Sources */,
			);
			runOnlyForDeploymentPostprocessing = 0;
		};
/* End PBXSourcesBuildPhase section */

/* Begin PBXTargetDependency section */
		973CB13E1B0E72EB00AA63D1 /* PBXTargetDependency */ = {
			isa = PBXTargetDependency;
			target = 973CB1261B0E72EB00AA63D1 /* On The Map */;
			targetProxy = 973CB13D1B0E72EB00AA63D1 /* PBXContainerItemProxy */;
		};
/* End PBXTargetDependency section */

/* Begin PBXVariantGroup section */
		973CB1351B0E72EB00AA63D1 /* LaunchScreen.xib */ = {
			isa = PBXVariantGroup;
			children = (
				973CB1361B0E72EB00AA63D1 /* Base */,
			);
			name = LaunchScreen.xib;
			sourceTree = "<group>";
		};
		9747D7251B1CEB5300EB2F40 /* Main.storyboard */ = {
			isa = PBXVariantGroup;
			children = (
				9747D7261B1CEB5300EB2F40 /* Base */,
			);
			name = Main.storyboard;
			sourceTree = "<group>";
		};
/* End PBXVariantGroup section */

/* Begin XCBuildConfiguration section */
		973CB1441B0E72EB00AA63D1 /* Debug */ = {
			isa = XCBuildConfiguration;
			buildSettings = {
				ALWAYS_SEARCH_USER_PATHS = NO;
				CLANG_CXX_LANGUAGE_STANDARD = "gnu++0x";
				CLANG_CXX_LIBRARY = "libc++";
				CLANG_ENABLE_MODULES = YES;
				CLANG_ENABLE_OBJC_ARC = YES;
				CLANG_WARN_BOOL_CONVERSION = YES;
				CLANG_WARN_CONSTANT_CONVERSION = YES;
				CLANG_WARN_DIRECT_OBJC_ISA_USAGE = YES_ERROR;
				CLANG_WARN_EMPTY_BODY = YES;
				CLANG_WARN_ENUM_CONVERSION = YES;
				CLANG_WARN_INT_CONVERSION = YES;
				CLANG_WARN_OBJC_ROOT_CLASS = YES_ERROR;
				CLANG_WARN_UNREACHABLE_CODE = YES;
				CLANG_WARN__DUPLICATE_METHOD_MATCH = YES;
				"CODE_SIGN_IDENTITY[sdk=iphoneos*]" = "iPhone Developer";
				COPY_PHASE_STRIP = NO;
				DEBUG_INFORMATION_FORMAT = "dwarf-with-dsym";
				ENABLE_STRICT_OBJC_MSGSEND = YES;
				GCC_C_LANGUAGE_STANDARD = gnu99;
				GCC_DYNAMIC_NO_PIC = NO;
				GCC_NO_COMMON_BLOCKS = YES;
				GCC_OPTIMIZATION_LEVEL = 0;
				GCC_PREPROCESSOR_DEFINITIONS = (
					"DEBUG=1",
					"$(inherited)",
				);
				GCC_SYMBOLS_PRIVATE_EXTERN = NO;
				GCC_WARN_64_TO_32_BIT_CONVERSION = YES;
				GCC_WARN_ABOUT_RETURN_TYPE = YES_ERROR;
				GCC_WARN_UNDECLARED_SELECTOR = YES;
				GCC_WARN_UNINITIALIZED_AUTOS = YES_AGGRESSIVE;
				GCC_WARN_UNUSED_FUNCTION = YES;
				GCC_WARN_UNUSED_VARIABLE = YES;
				IPHONEOS_DEPLOYMENT_TARGET = 8.3;
				MTL_ENABLE_DEBUG_INFO = YES;
				ONLY_ACTIVE_ARCH = YES;
				SDKROOT = iphoneos;
				SWIFT_OPTIMIZATION_LEVEL = "-Onone";
			};
			name = Debug;
		};
		973CB1451B0E72EB00AA63D1 /* Release */ = {
			isa = XCBuildConfiguration;
			buildSettings = {
				ALWAYS_SEARCH_USER_PATHS = NO;
				CLANG_CXX_LANGUAGE_STANDARD = "gnu++0x";
				CLANG_CXX_LIBRARY = "libc++";
				CLANG_ENABLE_MODULES = YES;
				CLANG_ENABLE_OBJC_ARC = YES;
				CLANG_WARN_BOOL_CONVERSION = YES;
				CLANG_WARN_CONSTANT_CONVERSION = YES;
				CLANG_WARN_DIRECT_OBJC_ISA_USAGE = YES_ERROR;
				CLANG_WARN_EMPTY_BODY = YES;
				CLANG_WARN_ENUM_CONVERSION = YES;
				CLANG_WARN_INT_CONVERSION = YES;
				CLANG_WARN_OBJC_ROOT_CLASS = YES_ERROR;
				CLANG_WARN_UNREACHABLE_CODE = YES;
				CLANG_WARN__DUPLICATE_METHOD_MATCH = YES;
				"CODE_SIGN_IDENTITY[sdk=iphoneos*]" = "iPhone Developer";
				COPY_PHASE_STRIP = NO;
				DEBUG_INFORMATION_FORMAT = "dwarf-with-dsym";
				ENABLE_NS_ASSERTIONS = NO;
				ENABLE_STRICT_OBJC_MSGSEND = YES;
				GCC_C_LANGUAGE_STANDARD = gnu99;
				GCC_NO_COMMON_BLOCKS = YES;
				GCC_WARN_64_TO_32_BIT_CONVERSION = YES;
				GCC_WARN_ABOUT_RETURN_TYPE = YES_ERROR;
				GCC_WARN_UNDECLARED_SELECTOR = YES;
				GCC_WARN_UNINITIALIZED_AUTOS = YES_AGGRESSIVE;
				GCC_WARN_UNUSED_FUNCTION = YES;
				GCC_WARN_UNUSED_VARIABLE = YES;
				IPHONEOS_DEPLOYMENT_TARGET = 8.3;
				MTL_ENABLE_DEBUG_INFO = NO;
				SDKROOT = iphoneos;
				VALIDATE_PRODUCT = YES;
			};
			name = Release;
		};
		973CB1471B0E72EB00AA63D1 /* Debug */ = {
			isa = XCBuildConfiguration;
			buildSettings = {
				ASSETCATALOG_COMPILER_APPICON_NAME = AppIcon;
				FRAMEWORK_SEARCH_PATHS = (
					"$(inherited)",
					"$(PROJECT_DIR)",
					"$(PROJECT_DIR)/On",
					The,
					Map,
				);
				INFOPLIST_FILE = "On The Map/Info.plist";
				LD_RUNPATH_SEARCH_PATHS = "$(inherited) @executable_path/Frameworks";
				PRODUCT_NAME = "$(TARGET_NAME)";
			};
			name = Debug;
		};
		973CB1481B0E72EB00AA63D1 /* Release */ = {
			isa = XCBuildConfiguration;
			buildSettings = {
				ASSETCATALOG_COMPILER_APPICON_NAME = AppIcon;
				FRAMEWORK_SEARCH_PATHS = (
					"$(inherited)",
					"$(PROJECT_DIR)",
					"$(PROJECT_DIR)/On",
					The,
					Map,
				);
				INFOPLIST_FILE = "On The Map/Info.plist";
				LD_RUNPATH_SEARCH_PATHS = "$(inherited) @executable_path/Frameworks";
				PRODUCT_NAME = "$(TARGET_NAME)";
			};
			name = Release;
		};
		973CB14A1B0E72EB00AA63D1 /* Debug */ = {
			isa = XCBuildConfiguration;
			buildSettings = {
				BUNDLE_LOADER = "$(TEST_HOST)";
				FRAMEWORK_SEARCH_PATHS = (
					"$(SDKROOT)/Developer/Library/Frameworks",
					"$(inherited)",
				);
				GCC_PREPROCESSOR_DEFINITIONS = (
					"DEBUG=1",
					"$(inherited)",
				);
				INFOPLIST_FILE = "On The MapTests/Info.plist";
				LD_RUNPATH_SEARCH_PATHS = "$(inherited) @executable_path/Frameworks @loader_path/Frameworks";
				PRODUCT_NAME = "$(TARGET_NAME)";
				TEST_HOST = "$(BUILT_PRODUCTS_DIR)/On The Map.app/On The Map";
			};
			name = Debug;
		};
		973CB14B1B0E72EB00AA63D1 /* Release */ = {
			isa = XCBuildConfiguration;
			buildSettings = {
				BUNDLE_LOADER = "$(TEST_HOST)";
				FRAMEWORK_SEARCH_PATHS = (
					"$(SDKROOT)/Developer/Library/Frameworks",
					"$(inherited)",
				);
				INFOPLIST_FILE = "On The MapTests/Info.plist";
				LD_RUNPATH_SEARCH_PATHS = "$(inherited) @executable_path/Frameworks @loader_path/Frameworks";
				PRODUCT_NAME = "$(TARGET_NAME)";
				TEST_HOST = "$(BUILT_PRODUCTS_DIR)/On The Map.app/On The Map";
			};
			name = Release;
		};
/* End XCBuildConfiguration section */

/* Begin XCConfigurationList section */
		973CB1221B0E72EB00AA63D1 /* Build configuration list for PBXProject "On The Map" */ = {
			isa = XCConfigurationList;
			buildConfigurations = (
				973CB1441B0E72EB00AA63D1 /* Debug */,
				973CB1451B0E72EB00AA63D1 /* Release */,
			);
			defaultConfigurationIsVisible = 0;
			defaultConfigurationName = Release;
		};
		973CB1461B0E72EB00AA63D1 /* Build configuration list for PBXNativeTarget "On The Map" */ = {
			isa = XCConfigurationList;
			buildConfigurations = (
				973CB1471B0E72EB00AA63D1 /* Debug */,
				973CB1481B0E72EB00AA63D1 /* Release */,
			);
			defaultConfigurationIsVisible = 0;
			defaultConfigurationName = Release;
		};
		973CB1491B0E72EB00AA63D1 /* Build configuration list for PBXNativeTarget "On The MapTests" */ = {
			isa = XCConfigurationList;
			buildConfigurations = (
				973CB14A1B0E72EB00AA63D1 /* Debug */,
				973CB14B1B0E72EB00AA63D1 /* Release */,
			);
			defaultConfigurationIsVisible = 0;
			defaultConfigurationName = Release;
		};
/* End XCConfigurationList section */
	};
	rootObject = 973CB11F1B0E72EB00AA63D1 /* Project object */;
}
